{
    "lockfile_version": "1.0",
    "created_at": "2025-12-04T08:42:44.013594-08:00",
    "invocation": {
        "command": "tb",
        "args": [
            "run",
            "--agent",
            "terminus",
            "--model",
            "anthropic/claude-3-7-latest",
            "--dataset-name",
            "terminal-bench-core"
        ]
    },
    "harness": {
        "package": "terminal-bench",
        "version": "0.2.18",
        "is_editable_installation": false
    },
    "agent": {
        "name": "terminus-1",
        "import_path": "terminal_bench.agents.terminus_1:Terminus",
        "model_name": "anthropic/claude-3-7-latest",
        "extra_kwargs": {
            "no_rebuild": false,
            "model_name": "anthropic/claude-3-7-latest"
        }
    },
    "run_config": {
        "log_level": "info",
        "livestream": false,
        "n_concurrent_trials": 4,
        "n_attempts": 1,
        "no_rebuild": false,
        "cleanup": true,
        "global_timeout_multiplier": 1.0,
        "global_agent_timeout_sec": null,
        "global_test_timeout_sec": null
    },
    "dataset": {
        "name": "terminal-bench-core",
        "version": "head",
        "local_path": null,
        "task_ids": [
            "chem-rf",
            "leelachess0-pytorch-conversion",
            "huarong-dao-solver",
            "add-benchmark-lm-eval-harness",
            "sam-cell-seg",
            "install-windows-xp",
            "mteb-leaderboard",
            "port-compressor",
            "fix-ocaml-gc",
            "build-pov-ray",
            "portfolio-optimization",
            "predicate-pushdown-bench",
            "compile-compcert",
            "reshard-c4-data",
            "spinning-up-rl",
            "regex-chess",
            "install-windows-3.11",
            "bn-fit-modify",
            "video-processing",
            "word2vec-from-scratch",
            "train-fasttext",
            "distribution-search",
            "winning-avg-corewars",
            "circuit-fibsqrt",
            "speech-to-text",
            "sql-injection-attack",
            "llm-spec-decoding",
            "mahjong-winninghand",
            "constraints-scheduling",
            "multi-source-data-merger",
            "hf-train-lora-adapter",
            "play-lord",
            "parallelize-graph",
            "schemelike-metacircular-eval",
            "rstan-to-pystan",
            "protocol-analysis-rs",
            "stable-parallel-kmeans",
            "custom-memory-heap-crash",
            "triton-interpret",
            "mcmc-sampling-stan",
            "build-linux-kernel-qemu",
            "lean4-proof",
            "puzzle-solver",
            "play-zork-easy",
            "play-zork",
            "vul-flink",
            "llm-inference-batching-scheduler",
            "mteb-retrieve",
            "mteb-eval",
            "feal-differential-cryptanalysis",
            "spring-messaging-vul",
            "path-tracing-reverse",
            "make-mips-interpreter",
            "reverse-engineering",
            "feal-linear-cryptanalysis",
            "enemy-grid-escape",
            "hdfs-deployment",
            "cross-entropy-method",
            "extract-moves-from-video",
            "path-tracing",
            "protein-assembly",
            "dna-assembly",
            "dna-insert",
            "hf-lora-adapter",
            "find-official-code",
            "query-optimize",
            "optimal-transport",
            "mailman",
            "magsac-install",
            "swe-bench-astropy-1",
            "conda-env-conflict-resolution",
            "causal-inference-r",
            "sudo-llvm-ir",
            "large-scale-text-editing",
            "caffe-cifar-10",
            "code-from-image",
            "train-bpe-tokenizer",
            "solve-maze-challenge",
            "break-filter-js-from-html",
            "catch-me-if-you-can",
            "financial-document-processor",
            "debug-long-program",
            "interactive-maze-game",
            "movie-helper",
            "swe-bench-astropy-2",
            "neuron-to-jaxley-conversion",
            "torch-tensor-parallelism",
            "torch-pipeline-parallelism",
            "matlab-python-conversion",
            "crack-7z-hash",
            "3d-model-format-legacy",
            "adaptive-rejection-sampler",
            "filter-js-from-html",
            "home-server-https",
            "run-pdp11-code",
            "swe-bench-fsspec",
            "incompatible-python-fasttext",
            "download-youtube",
            "accelerate-maximal-square",
            "bank-trans-filter",
            "write-compressor",
            "aimo-airline-departures",
            "simple-sheets-put",
            "pcap-to-netflow",
            "wasm-pipeline",
            "sha-puzzle",
            "make-doom-for-mips",
            "ilp-solver",
            "broken-python",
            "sqlite-with-gcov",
            "parallel-particle-simulator",
            "deterministic-tarball",
            "acl-permissions-inheritance",
            "logistic-regression-divergence",
            "pytorch-model-cli",
            "security-vulhub-minio",
            "swe-bench-langcodes",
            "fix-pandas-version",
            "solve-sudoku",
            "countdown-game",
            "fix-git",
            "db-wal-recovery",
            "simple-web-scraper",
            "broken-networking",
            "schedule-vacation",
            "model-extraction-relu-logits",
            "fibonacci-server",
            "build-stp",
            "count-call-stack",
            "sanitize-git-repo",
            "git-workflow-hack",
            "ancient-puzzle",
            "prove-plus-comm",
            "count-dataset-tokens",
            "nginx-request-logging",
            "pandas-etl",
            "fmri-encoding-r",
            "build-tcc-qemu",
            "mnist-learning-fix",
            "create-bucket",
            "jq-data-processing",
            "fix-code-vulnerability",
            "grid-pattern-transform",
            "tmux-advanced-workflow",
            "sparql-professors-universities",
            "oom",
            "weighted-max-sat-solver",
            "sparql-university",
            "blind-maze-explorer-algorithm",
            "gcode-to-text",
            "cartpole-rl-training",
            "sqlite-db-truncate",
            "qemu-startup",
            "setup-custom-dev-env",
            "hello-world",
            "chem-property-targeting",
            "jupyter-notebook-server",
            "assign-seats",
            "cpp-compatibility",
            "merge-diff-arc-agi-task",
            "pypi-server",
            "privilege-escalation",
            "polyglot-rust-c",
            "blind-maze-explorer-5x5",
            "raman-fitting",
            "regex-log",
            "decommissioning-service-with-sensitive-data",
            "password-recovery",
            "unprivileged-headless-pyrender",
            "cron-broken-network",
            "vul-flask",
            "openssl-selfsigned-cert",
            "install-klee-minimal",
            "vertex-solver",
            "png-generation",
            "rare-mineral-allocation",
            "organization-json-generator",
            "csv-to-parquet",
            "vimscript-vim-quine",
            "pytorch-model-recovery",
            "multistep-definite-integral",
            "polyglot-c-py",
            "build-initramfs-qemu",
            "configure-git-webserver",
            "kv-store-grpc",
            "mlflow-register",
            "gpt2-codegolf",
            "build-cython-ext",
            "cancel-async-tasks",
            "qemu-alpine-ssh",
            "npm-conflict-resolution",
            "implement-eigenvectors-from-eigenvalues-research-paper",
            "audio-synth-stft-peaks",
            "extract-safely",
            "new-encrypt-command",
            "extract-elf",
            "modernize-fortran-build",
            "security-celery-redis-rce",
            "heterogeneous-dates",
            "recover-accuracy-log",
            "attention-mil",
            "intrusion-detection",
            "cprofiling-python",
            "log-summary",
            "build-pmars",
            "git-multibranch",
            "tree-directory-parser",
            "gcc-compiler-optimization",
            "processing-pipeline",
            "get-bitcoin-nodes",
            "recover-obfuscated-files",
            "fix-permissions",
            "postgres-csv-clean",
            "chess-best-move",
            "cobol-modernization",
            "solana-data",
            "hf-model-inference",
            "form-filling",
            "vulnerable-secret",
            "log-summary-date-ranges",
            "overfull-hbox",
            "amuse-install",
            "modernize-scientific-stack",
            "html-finance-verify",
            "flood-monitoring-basic",
            "mixed-integer-programming",
            "hydra-debug-slurm-mode",
            "largest-eigenval",
            "tune-mjcf",
            "pandas-sql-query",
            "classifier-debug",
            "ode-solver-rk4",
            "find-restaurant",
            "parallelize-compute-squares",
            "predict-customer-churn",
            "slurm-simple-node-monitoring",
            "shell-deobfuscation",
            "git-leak-recovery",
            "analyze-access-logs",
            "jsonl-aggregator",
            "gomoku-planner"
        ],
        "registry_url": null,
        "local_registry_path": null
    },
    "local_config": {
        "output_path": "runs",
        "run_id": "2025-12-04__08-41-17",
        "upload_results": false
    }
}